{
  "name": "holi_lambda",
  "version": "1.0.0",
  "lockfileVersion": 1,
  "dependencies": {
    "assert": {
      "version": "https://registry.npmjs.org/assert/-/assert-1.4.1.tgz",
      "integrity": "sha1-mZEtWRg2tab1s0XA8H7vwI/GXZE="
    },
    "async": {
      "version": "https://registry.npmjs.org/async/-/async-2.4.0.tgz",
      "integrity": "sha1-SZAgDxjqW4N8LMT4wDGmmFw4VhE="
    },
    "bluebird": {
      "version": "https://registry.npmjs.org/bluebird/-/bluebird-3.5.0.tgz",
      "integrity": "sha1-eRQg1/VR7qKJdFOop3ZT+WYG1nw="
    },
    "bson": {
      "version": "https://registry.npmjs.org/bson/-/bson-1.0.4.tgz",
      "integrity": "sha1-k8ENOeqltYQVy8QFLz5T5WKwtyw="
    },
    "buffer-shims": {
      "version": "https://registry.npmjs.org/buffer-shims/-/buffer-shims-1.0.0.tgz",
      "integrity": "sha1-mXjOMXOIxkmth5MCjDR37wRKi1E="
    },
    "core-util-is": {
      "version": "https://registry.npmjs.org/core-util-is/-/core-util-is-1.0.2.tgz",
      "integrity": "sha1-tf1UIgqivFq1eqtxQMlAdUUDwac="
    },
    "debug": {
      "version": "https://registry.npmjs.org/debug/-/debug-2.2.0.tgz",
      "integrity": "sha1-+HBX6ZWxofauaklgZkE3vFbwOdo=",
      "dependencies": {
        "ms": {
          "version": "https://registry.npmjs.org/ms/-/ms-0.7.1.tgz",
          "integrity": "sha1-nNE8A62/8ltl7/3nzoZO6VIBcJg="
        }
      }
    },
    "es6-promise": {
      "version": "https://registry.npmjs.org/es6-promise/-/es6-promise-3.2.1.tgz",
      "integrity": "sha1-7FYjOGgDKQkgcXDDlEjiREndH8Q="
    },
    "hooks-fixed": {
      "version": "https://registry.npmjs.org/hooks-fixed/-/hooks-fixed-2.0.0.tgz",
      "integrity": "sha1-oB2JTVKsf2WZu7H2PfycQR33DLo="
    },
    "inherits": {
      "version": "https://registry.npmjs.org/inherits/-/inherits-2.0.3.tgz",
      "integrity": "sha1-Yzwsg+PaQqUC9SRmAiSA9CCCYd4="
    },
    "isarray": {
      "version": "https://registry.npmjs.org/isarray/-/isarray-1.0.0.tgz",
      "integrity": "sha1-u5NdSFgsuhaMBoNJV6VKPgcSTxE="
    },
    "kareem": {
      "version": "https://registry.npmjs.org/kareem/-/kareem-1.4.1.tgz",
      "integrity": "sha1-7XYgAET6BB7zK02oJh4lU/EXNTE="
    },
    "lambda": {
      "version": "0.10.3",
      "resolved": "https://registry.npmjs.org/lambda/-/lambda-0.10.3.tgz",
      "integrity": "sha1-gI06pMzsLPWbLj6oLKP7OM9/DDA="
    },
    "local": {
      "version": "0.3.3",
      "resolved": "https://registry.npmjs.org/local/-/local-0.3.3.tgz",
      "integrity": "sha1-vjsTPQgQz2bfY6nG5K2nxN0Kmvw="
    },
    "lodash": {
      "version": "https://registry.npmjs.org/lodash/-/lodash-4.17.4.tgz",
      "integrity": "sha1-eCA6TRwyiuHYbcpkYONptX9AVa4="
    },
    "mongodb": {
      "version": "https://registry.npmjs.org/mongodb/-/mongodb-2.2.26.tgz",
      "integrity": "sha1-G9UMVXwnfJjhoF2jjJg5xJIrA0o="
    },
    "mongodb-core": {
      "version": "https://registry.npmjs.org/mongodb-core/-/mongodb-core-2.1.10.tgz",
      "integrity": "sha1-6ykGgdGW0zRqSSFhqi6gkF5jFRs="
    },
    "mongoose": {
      "version": "https://registry.npmjs.org/mongoose/-/mongoose-4.9.7.tgz",
      "integrity": "sha1-64ZSjP9+e3iifghLWeUTFkFZnQs=",
      "dependencies": {
        "async": {
          "version": "https://registry.npmjs.org/async/-/async-2.1.4.tgz",
          "integrity": "sha1-LSFgx3iAMuTdbL4lAvH5osj2zeQ="
        }
      }
    },
    "mpath": {
      "version": "https://registry.npmjs.org/mpath/-/mpath-0.2.1.tgz",
      "integrity": "sha1-Ok6Ck1mAHeljCcJ6ay4QLon56W4="
    },
    "mpromise": {
      "version": "https://registry.npmjs.org/mpromise/-/mpromise-0.5.5.tgz",
      "integrity": "sha1-9bJCWddjrMIlewoMjG2Gb9UXMuY="
    },
    "mquery": {
      "version": "https://registry.npmjs.org/mquery/-/mquery-2.3.0.tgz",
      "integrity": "sha1-PRcXrYlY0MmeQuokYaEJ8+Xz5Fg=",
      "dependencies": {
        "bluebird": {
          "version": "https://registry.npmjs.org/bluebird/-/bluebird-2.10.2.tgz",
          "integrity": "sha1-AkpVFylTCIV/FPkfEQb8O1VfRGs="
        },
        "sliced": {
          "version": "https://registry.npmjs.org/sliced/-/sliced-0.0.5.tgz",
          "integrity": "sha1-XtwETKTrb3gW1Qui/GPiXY/kcH8="
        }
      }
    },
    "ms": {
      "version": "https://registry.npmjs.org/ms/-/ms-0.7.2.tgz",
      "integrity": "sha1-riXPJRKziFodldfwN4aNhDESR2U="
    },
    "muri": {
      "version": "https://registry.npmjs.org/muri/-/muri-1.2.1.tgz",
      "integrity": "sha1-7H6lzmympSPrGrNbrNpfqBbJqjw="
    },
    "process-nextick-args": {
      "version": "https://registry.npmjs.org/process-nextick-args/-/process-nextick-args-1.0.7.tgz",
      "integrity": "sha1-FQ4gt1ZZCtP5EJPyWk8q2L/zC6M="
    },
    "readable-stream": {
      "version": "https://registry.npmjs.org/readable-stream/-/readable-stream-2.2.7.tgz",
      "integrity": "sha1-BwV6y+JGeyIELTb5jFrVBwVOlbE="
    },
    "regexp-clone": {
      "version": "https://registry.npmjs.org/regexp-clone/-/regexp-clone-0.0.1.tgz",
      "integrity": "sha1-p8LgmJH9vzj7sQ03b7cwA+aKxYk="
    },
    "require_optional": {
      "version": "https://registry.npmjs.org/require_optional/-/require_optional-1.0.0.tgz",
      "integrity": "sha1-UqhhN6hJco62ClVTNhf4+RT1mr8="
    },
    "resolve-from": {
      "version": "https://registry.npmjs.org/resolve-from/-/resolve-from-2.0.0.tgz",
      "integrity": "sha1-lICrIOlP+h2egKgEx+oUdhGWa1c="
    },
    "semver": {
      "version": "https://registry.npmjs.org/semver/-/semver-5.3.0.tgz",
      "integrity": "sha1-myzl094C0XxgEq0yaqa00M9U+U8="
    },
    "sliced": {
      "version": "https://registry.npmjs.org/sliced/-/sliced-1.0.1.tgz",
      "integrity": "sha1-CzpmK10Ewxd7GSa+qCsD+Dei70E="
    },
    "string_decoder": {
      "version": "https://registry.npmjs.org/string_decoder/-/string_decoder-1.0.0.tgz",
      "integrity": "sha1-8G9BFXtmTYYGn4S9vcmw2KsoFmc="
    },
    "util": {
      "version": "https://registry.npmjs.org/util/-/util-0.10.3.tgz",
      "integrity": "sha1-evsa/lCAUkZInj23/g7TeTNqwPk=",
      "dependencies": {
        "inherits": {
          "version": "https://registry.npmjs.org/inherits/-/inherits-2.0.1.tgz",
          "integrity": "sha1-sX0I0ya0Qj5Wjv9xn5GwscvfafE="
        }
      }
    },
    "util-deprecate": {
      "version": "https://registry.npmjs.org/util-deprecate/-/util-deprecate-1.0.2.tgz",
      "integrity": "sha1-RQ1Nyfpw3nMnYvvS1KKJgUGaDM8="
    }
  }
}
